
Microsoft Visual Studio Solution File, Format Version 12.00
# Visual Studio Version 17
VisualStudioVersion = 17.11.35222.181
MinimumVisualStudioVersion = 10.0.40219.1
Project("{FAE04EC0-301F-11D3-BF4B-00C04F79EFBC}") = "SmartHome", "SmartHome\SmartHome.csproj", "{DD91F9CF-F7BF-4A2B-8F80-38A4822C3449}"
EndProject
Global
	GlobalSection(SolutionConfigurationPlatforms) = preSolution
		Debug|Any CPU = Debug|Any CPU
		Release|Any CPU = Release|Any CPU
	EndGlobalSection
	GlobalSection(ProjectConfigurationPlatforms) = postSolution
		{DD91F9CF-F7BF-4A2B-8F80-38A4822C3449}.Debug|Any CPU.ActiveCfg = Debug|Any CPU
		{DD91F9CF-F7BF-4A2B-8F80-38A4822C3449}.Debug|Any CPU.Build.0 = Debug|Any CPU
		{DD91F9CF-F7BF-4A2B-8F80-38A4822C3449}.Release|Any CPU.ActiveCfg = Release|Any CPU
		{DD91F9CF-F7BF-4A2B-8F80-38A4822C3449}.Release|Any CPU.Build.0 = Release|Any CPU
	EndGlobalSection
	GlobalSection(SolutionProperties) = preSolution
		HideSolutionNode = FALSE
	EndGlobalSection
	GlobalSection(ExtensibilityGlobals) = postSolution
		SolutionGuid = {D1A64168-F9C5-4E98-BE1F-68EBE356B67C}
	EndGlobalSection
EndGlobal
